PODS:
  - Atlas (1.0.23):
    - LayerKit (>= 0.21.0)
  - Expecta (1.0.5)
  - GoogleAPIClient/Calendar (1.0.4):
    - GoogleAPIClient/Core
    - GTMSessionFetcher (~> 1.1)
  - GoogleAPIClient/Core (1.0.4):
    - GTMSessionFetcher (~> 1.1)
  - GTMOAuth2 (1.1.1):
    - GTMSessionFetcher (~> 1.1)
  - GTMSessionFetcher (1.1.4):
    - GTMSessionFetcher/Full (= 1.1.4)
  - GTMSessionFetcher/Core (1.1.4)
  - GTMSessionFetcher/Full (1.1.4):
    - GTMSessionFetcher/Core (= 1.1.4)
  - KIF (3.4.2):
    - KIF/Core (= 3.4.2)
  - KIF/Core (3.4.2)
  - KIFViewControllerActions (1.0.1):
    - KIF (>= 2.0.0)
  - LayerKit (0.21.0)
  - LYRCountDownLatch (0.9.0)
  - OCMock (3.3)

DEPENDENCIES:
  - Atlas (from `.`)
  - Expecta
  - GoogleAPIClient/Calendar (~> 1.0.2)
  - GTMOAuth2 (~> 1.1.0)
  - KIF
  - KIFViewControllerActions (from `https://github.com/blakewatters/KIFViewControllerActions.git`)
  - LYRCountDownLatch (from `https://github.com/layerhq/LYRCountDownLatch.git`)
  - OCMock

EXTERNAL SOURCES:
  Atlas:
    :path: .
  KIFViewControllerActions:
    :git: https://github.com/blakewatters/KIFViewControllerActions.git
  LYRCountDownLatch:
    :git: https://github.com/layerhq/LYRCountDownLatch.git

CHECKOUT OPTIONS:
  KIFViewControllerActions:
    :commit: 181b4f56bc36274288f6b6d3ab3969d749345290
    :git: https://github.com/blakewatters/KIFViewControllerActions.git
  LYRCountDownLatch:
    :commit: 02119f855ad14e7fc0dae32bbbf17c735a281cfe
    :git: https://github.com/layerhq/LYRCountDownLatch.git

SPEC CHECKSUMS:
  Atlas: acf154ee2a10c6257a47e872366154653932302f
  Expecta: e1c022fcd33910b6be89c291d2775b3fe27a89fe
  GoogleAPIClient: 4dedb6af613eb7d171814c343f8a82ee5411e13b
  GTMOAuth2: bdb12f3e0d2110bfe585f6151230b883beb4d042
  GTMSessionFetcher: 174bc61d5238f81f9ddb807b0b0170420f67de85
  KIF: b518c9831453abea5afdbbde3908ec47832d6d56
  KIFViewControllerActions: 8d2f9ec9f185fa70ca9f54a297de544afe71ea55
  LayerKit: 1c1d3efd7dd1eb432230bd56253ab3ef36a25637
  LYRCountDownLatch: 9b440b42a19ddbf4e75bdd4b43726baa1527606a
  OCMock: d68685bde31f69cb61d518dcb39269080c78b5ed

PODFILE CHECKSUM: 5d7f0c6c9a80ebaba2eae2138fdb433a802cdbda

COCOAPODS: 1.0.1
